// !$*UTF8*$!
{
	archiveVersion = 1;
	classes = {
	};
	objectVersion = 51;
	objects = {

/* Begin PBXBuildFile section */
		28EFD60D250405CA006D6A5D /* AppDelegate.swift in Sources */ = {isa = PBXBuildFile; fileRef = 28EFD60C250405CA006D6A5D /* AppDelegate.swift */; };
		28EFD60F250405CA006D6A5D /* SceneDelegate.swift in Sources */ = {isa = PBXBuildFile; fileRef = 28EFD60E250405CA006D6A5D /* SceneDelegate.swift */; };
		28EFD611250405CA006D6A5D /* ViewController.swift in Sources */ = {isa = PBXBuildFile; fileRef = 28EFD610250405CA006D6A5D /* ViewController.swift */; };
		28EFD614250405CA006D6A5D /* Main.storyboard in Resources */ = {isa = PBXBuildFile; fileRef = 28EFD612250405CA006D6A5D /* Main.storyboard */; };
		28EFD616250405D3006D6A5D /* Assets.xcassets in Resources */ = {isa = PBXBuildFile; fileRef = 28EFD615250405D3006D6A5D /* Assets.xcassets */; };
		28EFD619250405D3006D6A5D /* LaunchScreen.storyboard in Resources */ = {isa = PBXBuildFile; fileRef = 28EFD617250405D3006D6A5D /* LaunchScreen.storyboard */; };
		28EFD63825052B3A006D6A5D /* GoogleService-Info.plist in Resources */ = {isa = PBXBuildFile; fileRef = 28EFD63725052B3A006D6A5D /* GoogleService-Info.plist */; };
		7E7CA22A86233BA6483EBFB1 /* Pods_WISTEM_App.framework in Frameworks */ = {isa = PBXBuildFile; fileRef = CA161B0ACBDC0A5851CC2CE5 /* Pods_WISTEM_App.framework */; };
/* End PBXBuildFile section */

/* Begin PBXFileReference section */
		072C7CDA070FF10C505DAED4 /* Pods-WISTEM App.release.xcconfig */ = {isa = PBXFileReference; includeInIndex = 1; lastKnownFileType = text.xcconfig; name = "Pods-WISTEM App.release.xcconfig"; path = "Target Support Files/Pods-WISTEM App/Pods-WISTEM App.release.xcconfig"; sourceTree = "<group>"; };
		24822204943F4ADAEABEAB0A /* Pods-WISTEM App.debug.xcconfig */ = {isa = PBXFileReference; includeInIndex = 1; lastKnownFileType = text.xcconfig; name = "Pods-WISTEM App.debug.xcconfig"; path = "Target Support Files/Pods-WISTEM App/Pods-WISTEM App.debug.xcconfig"; sourceTree = "<group>"; };
		28EFD609250405CA006D6A5D /* WISTEM App.app */ = {isa = PBXFileReference; explicitFileType = wrapper.application; includeInIndex = 0; path = "WISTEM App.app"; sourceTree = BUILT_PRODUCTS_DIR; };
		28EFD60C250405CA006D6A5D /* AppDelegate.swift */ = {isa = PBXFileReference; lastKnownFileType = sourcecode.swift; path = AppDelegate.swift; sourceTree = "<group>"; };
		28EFD60E250405CA006D6A5D /* SceneDelegate.swift */ = {isa = PBXFileReference; lastKnownFileType = sourcecode.swift; path = SceneDelegate.swift; sourceTree = "<group>"; };
		28EFD610250405CA006D6A5D /* ViewController.swift */ = {isa = PBXFileReference; lastKnownFileType = sourcecode.swift; path = ViewController.swift; sourceTree = "<group>"; };
		28EFD613250405CA006D6A5D /* Base */ = {isa = PBXFileReference; lastKnownFileType = file.storyboard; name = Base; path = Base.lproj/Main.storyboard; sourceTree = "<group>"; };
		28EFD615250405D3006D6A5D /* Assets.xcassets */ = {isa = PBXFileReference; lastKnownFileType = folder.assetcatalog; path = Assets.xcassets; sourceTree = "<group>"; };
		28EFD618250405D3006D6A5D /* Base */ = {isa = PBXFileReference; lastKnownFileType = file.storyboard; name = Base; path = Base.lproj/LaunchScreen.storyboard; sourceTree = "<group>"; };
		28EFD61A250405D3006D6A5D /* Info.plist */ = {isa = PBXFileReference; lastKnownFileType = text.plist.xml; path = Info.plist; sourceTree = "<group>"; };
		28EFD63725052B3A006D6A5D /* GoogleService-Info.plist */ = {isa = PBXFileReference; fileEncoding = 4; lastKnownFileType = text.plist.xml; path = "GoogleService-Info.plist"; sourceTree = "<group>"; };
		CA161B0ACBDC0A5851CC2CE5 /* Pods_WISTEM_App.framework */ = {isa = PBXFileReference; explicitFileType = wrapper.framework; includeInIndex = 0; path = Pods_WISTEM_App.framework; sourceTree = BUILT_PRODUCTS_DIR; };
/* End PBXFileReference section */

/* Begin PBXFrameworksBuildPhase section */
		28EFD606250405CA006D6A5D /* Frameworks */ = {
			isa = PBXFrameworksBuildPhase;
			buildActionMask = 2147483647;
			files = (
				7E7CA22A86233BA6483EBFB1 /* Pods_WISTEM_App.framework in Frameworks */,
			);
			runOnlyForDeploymentPostprocessing = 0;
		};
/* End PBXFrameworksBuildPhase section */

/* Begin PBXGroup section */
		28EFD600250405C9006D6A5D = {
			isa = PBXGroup;
			children = (
				28EFD63725052B3A006D6A5D /* GoogleService-Info.plist */,
				28EFD60B250405CA006D6A5D /* WISTEM App */,
				28EFD60A250405CA006D6A5D /* Products */,
				DE3810EE69E89EC430F68C2A /* Pods */,
				6904184E2A83D6DAE9A795EB /* Frameworks */,
			);
			sourceTree = "<group>";
		};
		28EFD60A250405CA006D6A5D /* Products */ = {
			isa = PBXGroup;
			children = (
				28EFD609250405CA006D6A5D /* WISTEM App.app */,
			);
			name = Products;
			sourceTree = "<group>";
		};
		28EFD60B250405CA006D6A5D /* WISTEM App */ = {
			isa = PBXGroup;
			children = (
				28EFD60C250405CA006D6A5D /* AppDelegate.swift */,
				28EFD60E250405CA006D6A5D /* SceneDelegate.swift */,
				28EFD610250405CA006D6A5D /* ViewController.swift */,
				28EFD612250405CA006D6A5D /* Main.storyboard */,
				28EFD617250405D3006D6A5D /* LaunchScreen.storyboard */,
				28EFD615250405D3006D6A5D /* Assets.xcassets */,
				28EFD61A250405D3006D6A5D /* Info.plist */,
			);
			path = "WISTEM App";
			sourceTree = "<group>";
		};
		6904184E2A83D6DAE9A795EB /* Frameworks */ = {
			isa = PBXGroup;
			children = (
				CA161B0ACBDC0A5851CC2CE5 /* Pods_WISTEM_App.framework */,
			);
			name = Frameworks;
			sourceTree = "<group>";
		};
		DE3810EE69E89EC430F68C2A /* Pods */ = {
			isa = PBXGroup;
			children = (
				24822204943F4ADAEABEAB0A /* Pods-WISTEM App.debug.xcconfig */,
				072C7CDA070FF10C505DAED4 /* Pods-WISTEM App.release.xcconfig */,
			);
			path = Pods;
			sourceTree = "<group>";
		};
/* End PBXGroup section */

/* Begin PBXNativeTarget section */
		28EFD608250405CA006D6A5D /* WISTEM App */ = {
			isa = PBXNativeTarget;
			buildConfigurationList = 28EFD61D250405D3006D6A5D /* Build configuration list for PBXNativeTarget "WISTEM App" */;
			buildPhases = (
				D1E1FC5D46DBF652645F30DD /* [CP] Check Pods Manifest.lock */,
				28EFD605250405CA006D6A5D /* Sources */,
				28EFD606250405CA006D6A5D /* Frameworks */,
				28EFD607250405CA006D6A5D /* Resources */,
				238000F7ED42E43281553B32 /* [CP] Embed Pods Frameworks */,
			);
			buildRules = (
			);
			dependencies = (
			);
			name = "WISTEM App";
			productName = "WISTEM App";
			productReference = 28EFD609250405CA006D6A5D /* WISTEM App.app */;
			productType = "com.apple.product-type.application";
		};
/* End PBXNativeTarget section */

/* Begin PBXProject section */
		28EFD601250405CA006D6A5D /* Project object */ = {
			isa = PBXProject;
			attributes = {
				LastSwiftUpdateCheck = 1160;
				LastUpgradeCheck = 1160;
				ORGANIZATIONNAME = "Surender Sharma";
				TargetAttributes = {
					28EFD608250405CA006D6A5D = {
						CreatedOnToolsVersion = 11.6;
					};
				};
			};
			buildConfigurationList = 28EFD604250405CA006D6A5D /* Build configuration list for PBXProject "WISTEM App" */;
			compatibilityVersion = "Xcode 9.3";
			developmentRegion = en;
			hasScannedForEncodings = 0;
			knownRegions = (
				en,
				Base,
			);
			mainGroup = 28EFD600250405C9006D6A5D;
			productRefGroup = 28EFD60A250405CA006D6A5D /* Products */;
			projectDirPath = "";
			projectRoot = "";
			targets = (
				28EFD608250405CA006D6A5D /* WISTEM App */,
			);
		};
/* End PBXProject section */

/* Begin PBXResourcesBuildPhase section */
		28EFD607250405CA006D6A5D /* Resources */ = {
			isa = PBXResourcesBuildPhase;
			buildActionMask = 2147483647;
			files = (
				28EFD63825052B3A006D6A5D /* GoogleService-Info.plist in Resources */,
				28EFD619250405D3006D6A5D /* LaunchScreen.storyboard in Resources */,
				28EFD616250405D3006D6A5D /* Assets.xcassets in Resources */,
				28EFD614250405CA006D6A5D /* Main.storyboard in Resources */,
			);
			runOnlyForDeploymentPostprocessing = 0;
		};
/* End PBXResourcesBuildPhase section */

/* Begin PBXShellScriptBuildPhase section */
		238000F7ED42E43281553B32 /* [CP] Embed Pods Frameworks */ = {
			isa = PBXShellScriptBuildPhase;
			buildActionMask = 2147483647;
			files = (
			);
			inputFileListPaths = (
				"${PODS_ROOT}/Target Support Files/Pods-WISTEM App/Pods-WISTEM App-frameworks-${CONFIGURATION}-input-files.xcfilelist",
			);
			name = "[CP] Embed Pods Frameworks";
			outputFileListPaths = (
				"${PODS_ROOT}/Target Support Files/Pods-WISTEM App/Pods-WISTEM App-frameworks-${CONFIGURATION}-output-files.xcfilelist",
			);
			runOnlyForDeploymentPostprocessing = 0;
			shellPath = /bin/sh;
			shellScript = "\"${PODS_ROOT}/Target Support Files/Pods-WISTEM App/Pods-WISTEM App-frameworks.sh\"\n";
			showEnvVarsInLog = 0;
		};
		D1E1FC5D46DBF652645F30DD /* [CP] Check Pods Manifest.lock */ = {
			isa = PBXShellScriptBuildPhase;
			buildActionMask = 2147483647;
			files = (
			);
			inputFileListPaths = (
			);
			inputPaths = (
				"${PODS_PODFILE_DIR_PATH}/Podfile.lock",
				"${PODS_ROOT}/Manifest.lock",
			);
			name = "[CP] Check Pods Manifest.lock";
			outputFileListPaths = (
			);
			outputPaths = (
				"$(DERIVED_FILE_DIR)/Pods-WISTEM App-checkManifestLockResult.txt",
			);
			runOnlyForDeploymentPostprocessing = 0;
			shellPath = /bin/sh;
			shellScript = "diff \"${PODS_PODFILE_DIR_PATH}/Podfile.lock\" \"${PODS_ROOT}/Manifest.lock\" > /dev/null\nif [ $? != 0 ] ; then\n    # print error to STDERR\n    echo \"error: The sandbox is not in sync with the Podfile.lock. Run 'pod install' or update your CocoaPods installation.\" >&2\n    exit 1\nfi\n# This output is used by Xcode 'outputs' to avoid re-running this script phase.\necho \"SUCCESS\" > \"${SCRIPT_OUTPUT_FILE_0}\"\n";
			showEnvVarsInLog = 0;
		};
/* End PBXShellScriptBuildPhase section */

/* Begin PBXSourcesBuildPhase section */
		28EFD605250405CA006D6A5D /* Sources */ = {
			isa = PBXSourcesBuildPhase;
			buildActionMask = 2147483647;
			files = (
				28EFD611250405CA006D6A5D /* ViewController.swift in Sources */,
				28EFD60D250405CA006D6A5D /* AppDelegate.swift in Sources */,
				28EFD60F250405CA006D6A5D /* SceneDelegate.swift in Sources */,
			);
			runOnlyForDeploymentPostprocessing = 0;
		};
/* End PBXSourcesBuildPhase section */

/* Begin PBXVariantGroup section */
		28EFD612250405CA006D6A5D /* Main.storyboard */ = {
			isa = PBXVariantGroup;
			children = (
				28EFD613250405CA006D6A5D /* Base */,
			);
			name = Main.storyboard;
			sourceTree = "<group>";
		};
		28EFD617250405D3006D6A5D /* LaunchScreen.storyboard */ = {
			isa = PBXVariantGroup;
			children = (
				28EFD618250405D3006D6A5D /* Base */,
			);
			name = LaunchScreen.storyboard;
			sourceTree = "<group>";
		};
/* End PBXVariantGroup section */

/* Begin XCBuildConfiguration section */
		28EFD61B250405D3006D6A5D /* Debug */ = {
			isa = XCBuildConfiguration;
			buildSettings = {
				ALWAYS_SEARCH_USER_PATHS = NO;
				CLANG_ANALYZER_NONNULL = YES;
				CLANG_ANALYZER_NUMBER_OBJECT_CONVERSION = YES_AGGRESSIVE;
				CLANG_CXX_LANGUAGE_STANDARD = "gnu++14";
				CLANG_CXX_LIBRARY = "libc++";
				CLANG_ENABLE_MODULES = YES;
				CLANG_ENABLE_OBJC_ARC = YES;
				CLANG_ENABLE_OBJC_WEAK = YES;
				CLANG_WARN_BLOCK_CAPTURE_AUTORELEASING = YES;
				CLANG_WARN_BOOL_CONVERSION = YES;
				CLANG_WARN_COMMA = YES;
				CLANG_WARN_CONSTANT_CONVERSION = YES;
				CLANG_WARN_DEPRECATED_OBJC_IMPLEMENTATIONS = YES;
				CLANG_WARN_DIRECT_OBJC_ISA_USAGE = YES_ERROR;
				CLANG_WARN_DOCUMENTATION_COMMENTS = YES;
				CLANG_WARN_EMPTY_BODY = YES;
				CLANG_WARN_ENUM_CONVERSION = YES;
				CLANG_WARN_INFINITE_RECURSION = YES;
				CLANG_WARN_INT_CONVERSION = YES;
				CLANG_WARN_NON_LITERAL_NULL_CONVERSION = YES;
				CLANG_WARN_OBJC_IMPLICIT_RETAIN_SELF = YES;
				CLANG_WARN_OBJC_LITERAL_CONVERSION = YES;
				CLANG_WARN_OBJC_ROOT_CLASS = YES_ERROR;
				CLANG_WARN_RANGE_LOOP_ANALYSIS = YES;
				CLANG_WARN_STRICT_PROTOTYPES = YES;
				CLANG_WARN_SUSPICIOUS_MOVE = YES;
				CLANG_WARN_UNGUARDED_AVAILABILITY = YES_AGGRESSIVE;
				CLANG_WARN_UNREACHABLE_CODE = YES;
				CLANG_WARN__DUPLICATE_METHOD_MATCH = YES;
				COPY_PHASE_STRIP = NO;
				DEBUG_INFORMATION_FORMAT = dwarf;
				ENABLE_STRICT_OBJC_MSGSEND = YES;
				ENABLE_TESTABILITY = YES;
				GCC_C_LANGUAGE_STANDARD = gnu11;
				GCC_DYNAMIC_NO_PIC = NO;
				GCC_NO_COMMON_BLOCKS = YES;
				GCC_OPTIMIZATION_LEVEL = 0;
				GCC_PREPROCESSOR_DEFINITIONS = (
					"DEBUG=1",
					"$(inherited)",
				);
				GCC_WARN_64_TO_32_BIT_CONVERSION = YES;
				GCC_WARN_ABOUT_RETURN_TYPE = YES_ERROR;
				GCC_WARN_UNDECLARED_SELECTOR = YES;
				GCC_WARN_UNINITIALIZED_AUTOS = YES_AGGRESSIVE;
				GCC_WARN_UNUSED_FUNCTION = YES;
				GCC_WARN_UNUSED_VARIABLE = YES;
				IPHONEOS_DEPLOYMENT_TARGET = 13.6;
				MTL_ENABLE_DEBUG_INFO = INCLUDE_SOURCE;
				MTL_FAST_MATH = YES;
				ONLY_ACTIVE_ARCH = YES;
				SDKROOT = iphoneos;
				SWIFT_ACTIVE_COMPILATION_CONDITIONS = DEBUG;
				SWIFT_OPTIMIZATION_LEVEL = "-Onone";
			};
			name = Debug;
		};
		28EFD61C250405D3006D6A5D /* Release */ = {
			isa = XCBuildConfiguration;
			buildSettings = {
				ALWAYS_SEARCH_USER_PATHS = NO;
				CLANG_ANALYZER_NONNULL = YES;
				CLANG_ANALYZER_NUMBER_OBJECT_CONVERSION = YES_AGGRESSIVE;
				CLANG_CXX_LANGUAGE_STANDARD = "gnu++14";
				CLANG_CXX_LIBRARY = "libc++";
				CLANG_ENABLE_MODULES = YES;
				CLANG_ENABLE_OBJC_ARC = YES;
				CLANG_ENABLE_OBJC_WEAK = YES;
				CLANG_WARN_BLOCK_CAPTURE_AUTORELEASING = YES;
				CLANG_WARN_BOOL_CONVERSION = YES;
				CLANG_WARN_COMMA = YES;
				CLANG_WARN_CONSTANT_CONVERSION = YES;
				CLANG_WARN_DEPRECATED_OBJC_IMPLEMENTATIONS = YES;
				CLANG_WARN_DIRECT_OBJC_ISA_USAGE = YES_ERROR;
				CLANG_WARN_DOCUMENTATION_COMMENTS = YES;
				CLANG_WARN_EMPTY_BODY = YES;
				CLANG_WARN_ENUM_CONVERSION = YES;
				CLANG_WARN_INFINITE_RECURSION = YES;
				CLANG_WARN_INT_CONVERSION = YES;
				CLANG_WARN_NON_LITERAL_NULL_CONVERSION = YES;
				CLANG_WARN_OBJC_IMPLICIT_RETAIN_SELF = YES;
				CLANG_WARN_OBJC_LITERAL_CONVERSION = YES;
				CLANG_WARN_OBJC_ROOT_CLASS = YES_ERROR;
				CLANG_WARN_RANGE_LOOP_ANALYSIS = YES;
				CLANG_WARN_STRICT_PROTOTYPES = YES;
				CLANG_WARN_SUSPICIOUS_MOVE = YES;
				CLANG_WARN_UNGUARDED_AVAILABILITY = YES_AGGRESSIVE;
				CLANG_WARN_UNREACHABLE_CODE = YES;
				CLANG_WARN__DUPLICATE_METHOD_MATCH = YES;
				COPY_PHASE_STRIP = NO;
				DEBUG_INFORMATION_FORMAT = "dwarf-with-dsym";
				ENABLE_NS_ASSERTIONS = NO;
				ENABLE_STRICT_OBJC_MSGSEND = YES;
				GCC_C_LANGUAGE_STANDARD = gnu11;
				GCC_NO_COMMON_BLOCKS = YES;
				GCC_WARN_64_TO_32_BIT_CONVERSION = YES;
				GCC_WARN_ABOUT_RETURN_TYPE = YES_ERROR;
				GCC_WARN_UNDECLARED_SELECTOR = YES;
				GCC_WARN_UNINITIALIZED_AUTOS = YES_AGGRESSIVE;
				GCC_WARN_UNUSED_FUNCTION = YES;
				GCC_WARN_UNUSED_VARIABLE = YES;
				IPHONEOS_DEPLOYMENT_TARGET = 13.6;
				MTL_ENABLE_DEBUG_INFO = NO;
				MTL_FAST_MATH = YES;
				SDKROOT = iphoneos;
				SWIFT_COMPILATION_MODE = wholemodule;
				SWIFT_OPTIMIZATION_LEVEL = "-O";
				VALIDATE_PRODUCT = YES;
			};
			name = Release;
		};
		28EFD61E250405D3006D6A5D /* Debug */ = {
			isa = XCBuildConfiguration;
			baseConfigurationReference = 24822204943F4ADAEABEAB0A /* Pods-WISTEM App.debug.xcconfig */;
			buildSettings = {
				ASSETCATALOG_COMPILER_APPICON_NAME = AppIcon;
				CODE_SIGN_STYLE = Automatic;
				DEVELOPMENT_TEAM = 8SY752Q3SQ;
				INFOPLIST_FILE = "WISTEM App/Info.plist";
				LD_RUNPATH_SEARCH_PATHS = (
					"$(inherited)",
					"@executable_path/Frameworks",
				);
				PRODUCT_BUNDLE_IDENTIFIER = "com.SurenderSharma.WISTEM-App";
				PRODUCT_NAME = "$(TARGET_NAME)";
				SWIFT_VERSION = 5.0;
				TARGETED_DEVICE_FAMILY = "1,2";
			};
			name = Debug;
		};
		28EFD61F250405D3006D6A5D /* Release */ = {
			isa = XCBuildConfiguration;
			baseConfigurationReference = 072C7CDA070FF10C505DAED4 /* Pods-WISTEM App.release.xcconfig */;
			buildSettings = {
				ASSETCATALOG_COMPILER_APPICON_NAME = AppIcon;
				CODE_SIGN_STYLE = Automatic;
				DEVELOPMENT_TEAM = 8SY752Q3SQ;
				INFOPLIST_FILE = "WISTEM App/Info.plist";
				LD_RUNPATH_SEARCH_PATHS = (
					"$(inherited)",
					"@executable_path/Frameworks",
				);
				PRODUCT_BUNDLE_IDENTIFIER = "com.SurenderSharma.WISTEM-App";
				PRODUCT_NAME = "$(TARGET_NAME)";
				SWIFT_VERSION = 5.0;
				TARGETED_DEVICE_FAMILY = "1,2";
			};
			name = Release;
		};
/* End XCBuildConfiguration section */

/* Begin XCConfigurationList section */
		28EFD604250405CA006D6A5D /* Build configuration list for PBXProject "WISTEM App" */ = {
			isa = XCConfigurationList;
			buildConfigurations = (
				28EFD61B250405D3006D6A5D /* Debug */,
				28EFD61C250405D3006D6A5D /* Release */,
			);
			defaultConfigurationIsVisible = 0;
			defaultConfigurationName = Release;
		};
		28EFD61D250405D3006D6A5D /* Build configuration list for PBXNativeTarget "WISTEM App" */ = {
			isa = XCConfigurationList;
			buildConfigurations = (
				28EFD61E250405D3006D6A5D /* Debug */,
				28EFD61F250405D3006D6A5D /* Release */,
			);
			defaultConfigurationIsVisible = 0;
			defaultConfigurationName = Release;
		};
/* End XCConfigurationList section */
	};
	rootObject = 28EFD601250405CA006D6A5D /* Project object */;
}
